
Microsoft Visual Studio Solution File, Format Version 12.00
# Visual Studio Version 17
VisualStudioVersion = 17.4.33213.308
MinimumVisualStudioVersion = 10.0.40219.1
Project("{9A19103F-16F7-4668-BE54-9A1E7A4F7556}") = "GTA5OnlineTools", "GTA5OnlineTools\GTA5OnlineTools.csproj", "{A1AC736D-9146-4427-B067-7F6AC7F889BF}"
EndProject
Project("{9A19103F-16F7-4668-BE54-9A1E7A4F7556}") = "GTA5OnlineTools.UI", "GTA5OnlineTools.UI\GTA5OnlineTools.UI.csproj", "{26DC76D1-2868-4370-8381-EC8E1E8DF537}"
EndProject
Project("{2150E333-8FDC-42A3-9474-1A3956D46DE8}") = "解决方案项", "解决方案项", "{3260C3B4-C7DF-4908-A128-DAB18FCE5205}"
	ProjectSection(SolutionItems) = preProject
		README.md = README.md
	EndProjectSection
EndProject
Project("{FAE04EC0-301F-11D3-BF4B-00C04F79EFBC}") = "GTA5.Share", "GTA5.Share\GTA5.Share.csproj", "{06BED44C-2C82-42B5-A65D-0D006A2E4392}"
EndProject
Project("{FAE04EC0-301F-11D3-BF4B-00C04F79EFBC}") = "GTA5", "GTA5\GTA5.csproj", "{00324B6D-D0A6-4862-938E-221D95CE2258}"
EndProject
Project("{FAE04EC0-301F-11D3-BF4B-00C04F79EFBC}") = "GTA5.Core", "GTA5.Core\GTA5.Core.csproj", "{A4F4CBC4-1E43-4090-9148-65B3F28818BF}"
EndProject
Project("{FAE04EC0-301F-11D3-BF4B-00C04F79EFBC}") = "GTA5.XConsole", "GTA5.XConsole\GTA5.XConsole.csproj", "{BB39F915-DD1F-4E8F-A756-B9E0B152396C}"
EndProject
Global
	GlobalSection(SolutionConfigurationPlatforms) = preSolution
		Debug|Any CPU = Debug|Any CPU
		Debug|x64 = Debug|x64
		Release|Any CPU = Release|Any CPU
		Release|x64 = Release|x64
	EndGlobalSection
	GlobalSection(ProjectConfigurationPlatforms) = postSolution
		{A1AC736D-9146-4427-B067-7F6AC7F889BF}.Debug|Any CPU.ActiveCfg = Debug|x64
		{A1AC736D-9146-4427-B067-7F6AC7F889BF}.Debug|Any CPU.Build.0 = Debug|x64
		{A1AC736D-9146-4427-B067-7F6AC7F889BF}.Debug|x64.ActiveCfg = Debug|x64
		{A1AC736D-9146-4427-B067-7F6AC7F889BF}.Debug|x64.Build.0 = Debug|x64
		{A1AC736D-9146-4427-B067-7F6AC7F889BF}.Release|Any CPU.ActiveCfg = Release|x64
		{A1AC736D-9146-4427-B067-7F6AC7F889BF}.Release|Any CPU.Build.0 = Release|x64
		{A1AC736D-9146-4427-B067-7F6AC7F889BF}.Release|x64.ActiveCfg = Release|x64
		{A1AC736D-9146-4427-B067-7F6AC7F889BF}.Release|x64.Build.0 = Release|x64
		{26DC76D1-2868-4370-8381-EC8E1E8DF537}.Debug|Any CPU.ActiveCfg = Debug|x64
		{26DC76D1-2868-4370-8381-EC8E1E8DF537}.Debug|Any CPU.Build.0 = Debug|x64
		{26DC76D1-2868-4370-8381-EC8E1E8DF537}.Debug|x64.ActiveCfg = Debug|x64
		{26DC76D1-2868-4370-8381-EC8E1E8DF537}.Debug|x64.Build.0 = Debug|x64
		{26DC76D1-2868-4370-8381-EC8E1E8DF537}.Release|Any CPU.ActiveCfg = Release|x64
		{26DC76D1-2868-4370-8381-EC8E1E8DF537}.Release|Any CPU.Build.0 = Release|x64
		{26DC76D1-2868-4370-8381-EC8E1E8DF537}.Release|x64.ActiveCfg = Release|x64
		{26DC76D1-2868-4370-8381-EC8E1E8DF537}.Release|x64.Build.0 = Release|x64
		{06BED44C-2C82-42B5-A65D-0D006A2E4392}.Debug|Any CPU.ActiveCfg = Debug|Any CPU
		{06BED44C-2C82-42B5-A65D-0D006A2E4392}.Debug|Any CPU.Build.0 = Debug|Any CPU
		{06BED44C-2C82-42B5-A65D-0D006A2E4392}.Debug|x64.ActiveCfg = Debug|x64
		{06BED44C-2C82-42B5-A65D-0D006A2E4392}.Debug|x64.Build.0 = Debug|x64
		{06BED44C-2C82-42B5-A65D-0D006A2E4392}.Release|Any CPU.ActiveCfg = Release|Any CPU
		{06BED44C-2C82-42B5-A65D-0D006A2E4392}.Release|Any CPU.Build.0 = Release|Any CPU
		{06BED44C-2C82-42B5-A65D-0D006A2E4392}.Release|x64.ActiveCfg = Release|x64
		{06BED44C-2C82-42B5-A65D-0D006A2E4392}.Release|x64.Build.0 = Release|x64
		{00324B6D-D0A6-4862-938E-221D95CE2258}.Debug|Any CPU.ActiveCfg = Debug|Any CPU
		{00324B6D-D0A6-4862-938E-221D95CE2258}.Debug|Any CPU.Build.0 = Debug|Any CPU
		{00324B6D-D0A6-4862-938E-221D95CE2258}.Debug|x64.ActiveCfg = Debug|x64
		{00324B6D-D0A6-4862-938E-221D95CE2258}.Debug|x64.Build.0 = Debug|x64
		{00324B6D-D0A6-4862-938E-221D95CE2258}.Release|Any CPU.ActiveCfg = Release|Any CPU
		{00324B6D-D0A6-4862-938E-221D95CE2258}.Release|Any CPU.Build.0 = Release|Any CPU
		{00324B6D-D0A6-4862-938E-221D95CE2258}.Release|x64.ActiveCfg = Release|x64
		{00324B6D-D0A6-4862-938E-221D95CE2258}.Release|x64.Build.0 = Release|x64
		{A4F4CBC4-1E43-4090-9148-65B3F28818BF}.Debug|Any CPU.ActiveCfg = Debug|Any CPU
		{A4F4CBC4-1E43-4090-9148-65B3F28818BF}.Debug|Any CPU.Build.0 = Debug|Any CPU
		{A4F4CBC4-1E43-4090-9148-65B3F28818BF}.Debug|x64.ActiveCfg = Debug|x64
		{A4F4CBC4-1E43-4090-9148-65B3F28818BF}.Debug|x64.Build.0 = Debug|x64
		{A4F4CBC4-1E43-4090-9148-65B3F28818BF}.Release|Any CPU.ActiveCfg = Release|Any CPU
		{A4F4CBC4-1E43-4090-9148-65B3F28818BF}.Release|Any CPU.Build.0 = Release|Any CPU
		{A4F4CBC4-1E43-4090-9148-65B3F28818BF}.Release|x64.ActiveCfg = Release|x64
		{A4F4CBC4-1E43-4090-9148-65B3F28818BF}.Release|x64.Build.0 = Release|x64
		{BB39F915-DD1F-4E8F-A756-B9E0B152396C}.Debug|Any CPU.ActiveCfg = Debug|Any CPU
		{BB39F915-DD1F-4E8F-A756-B9E0B152396C}.Debug|Any CPU.Build.0 = Debug|Any CPU
		{BB39F915-DD1F-4E8F-A756-B9E0B152396C}.Debug|x64.ActiveCfg = Debug|x64
		{BB39F915-DD1F-4E8F-A756-B9E0B152396C}.Debug|x64.Build.0 = Debug|x64
		{BB39F915-DD1F-4E8F-A756-B9E0B152396C}.Release|Any CPU.ActiveCfg = Release|Any CPU
		{BB39F915-DD1F-4E8F-A756-B9E0B152396C}.Release|Any CPU.Build.0 = Release|Any CPU
		{BB39F915-DD1F-4E8F-A756-B9E0B152396C}.Release|x64.ActiveCfg = Release|x64
		{BB39F915-DD1F-4E8F-A756-B9E0B152396C}.Release|x64.Build.0 = Release|x64
	EndGlobalSection
	GlobalSection(SolutionProperties) = preSolution
		HideSolutionNode = FALSE
	EndGlobalSection
	GlobalSection(ExtensibilityGlobals) = postSolution
		SolutionGuid = {65D92033-0449-42C0-BB75-25E8DD89383E}
	EndGlobalSection
EndGlobal
